// !$*UTF8*$!
{
	archiveVersion = 1;
	classes = {
	};
	objectVersion = 46;
	objects = {

/* Begin PBXBuildFile section */
		0DF3313AD03FFD0EE812C3B5 /* libPods-PenguinGuide.a in Frameworks */ = {isa = PBXBuildFile; fileRef = BF885179112DA7487FF34089 /* libPods-PenguinGuide.a */; };
		0F1790BC1D2DFCC600672B27 /* PGPasswordLoginView.m in Sources */ = {isa = PBXBuildFile; fileRef = 0F1790BB1D2DFCC600672B27 /* PGPasswordLoginView.m */; };
		0F1790BF1D2DFD0500672B27 /* PGLoginPasswordTextField.m in Sources */ = {isa = PBXBuildFile; fileRef = 0F1790BE1D2DFD0500672B27 /* PGLoginPasswordTextField.m */; };
		0F1790C21D2E0D6F00672B27 /* PGResetPasswordView.m in Sources */ = {isa = PBXBuildFile; fileRef = 0F1790C11D2E0D6F00672B27 /* PGResetPasswordView.m */; };
		0F1790C51D2E0E3600672B27 /* PGLoginSMSCodeTextField.m in Sources */ = {isa = PBXBuildFile; fileRef = 0F1790C41D2E0E3600672B27 /* PGLoginSMSCodeTextField.m */; };
		0F1790C81D2E229E00672B27 /* PGUpdatePasswordView.m in Sources */ = {isa = PBXBuildFile; fileRef = 0F1790C71D2E229E00672B27 /* PGUpdatePasswordView.m */; };
		0F1790CB1D2E24DE00672B27 /* PGSMSCodeLoginView.m in Sources */ = {isa = PBXBuildFile; fileRef = 0F1790CA1D2E24DE00672B27 /* PGSMSCodeLoginView.m */; };
		0F2DC2941D32973500277C9E /* PGHomeViewModel.m in Sources */ = {isa = PBXBuildFile; fileRef = 0F2DC2931D32973500277C9E /* PGHomeViewModel.m */; };
		0F2DC29F1D32995500277C9E /* PGBaseNavigationController.m in Sources */ = {isa = PBXBuildFile; fileRef = 0F2DC2991D32995500277C9E /* PGBaseNavigationController.m */; };
		0F2DC2A01D32995500277C9E /* PGBaseViewController.m in Sources */ = {isa = PBXBuildFile; fileRef = 0F2DC29B1D32995500277C9E /* PGBaseViewController.m */; };
		0F2DC2A11D32995500277C9E /* PGBaseCollectionView.m in Sources */ = {isa = PBXBuildFile; fileRef = 0F2DC29E1D32995500277C9E /* PGBaseCollectionView.m */; };
		0F2DC2A41D32997900277C9E /* PGPagedBannersCell.m in Sources */ = {isa = PBXBuildFile; fileRef = 0F2DC2A31D32997900277C9E /* PGPagedBannersCell.m */; };
		0F3677821D2D6B050023CD3D /* PGLoginPhoneTextField.m in Sources */ = {isa = PBXBuildFile; fileRef = 0F3677811D2D6B050023CD3D /* PGLoginPhoneTextField.m */; };
		0F3C7EF11D2F72E700284066 /* PGHomeViewController.m in Sources */ = {isa = PBXBuildFile; fileRef = 0F3C7EF01D2F72E700284066 /* PGHomeViewController.m */; };
		0F3C7EF41D2F72FA00284066 /* PGExploreViewController.m in Sources */ = {isa = PBXBuildFile; fileRef = 0F3C7EF31D2F72FA00284066 /* PGExploreViewController.m */; };
		0F3C7EF71D2F730F00284066 /* PGStoreViewController.m in Sources */ = {isa = PBXBuildFile; fileRef = 0F3C7EF61D2F730F00284066 /* PGStoreViewController.m */; };
		0F3C7EFA1D2F731B00284066 /* PGMeViewController.m in Sources */ = {isa = PBXBuildFile; fileRef = 0F3C7EF91D2F731B00284066 /* PGMeViewController.m */; };
		0F7EEF5C1D210F63008D175C /* main.m in Sources */ = {isa = PBXBuildFile; fileRef = 0F7EEF5B1D210F63008D175C /* main.m */; };
		0F7EEF5F1D210F63008D175C /* AppDelegate.m in Sources */ = {isa = PBXBuildFile; fileRef = 0F7EEF5E1D210F63008D175C /* AppDelegate.m */; };
		0F7EEF621D210F63008D175C /* ViewController.m in Sources */ = {isa = PBXBuildFile; fileRef = 0F7EEF611D210F63008D175C /* ViewController.m */; };
		0F7EEF671D210F63008D175C /* Assets.xcassets in Resources */ = {isa = PBXBuildFile; fileRef = 0F7EEF661D210F63008D175C /* Assets.xcassets */; };
		0F7EEF751D210F63008D175C /* PenguinGuideTests.m in Sources */ = {isa = PBXBuildFile; fileRef = 0F7EEF741D210F63008D175C /* PenguinGuideTests.m */; };
		0F7EEF801D210F64008D175C /* PenguinGuideUITests.m in Sources */ = {isa = PBXBuildFile; fileRef = 0F7EEF7F1D210F64008D175C /* PenguinGuideUITests.m */; };
		0F7EEF921D2118F6008D175C /* Controller.xcassets in Resources */ = {isa = PBXBuildFile; fileRef = 0F7EEF911D2118F6008D175C /* Controller.xcassets */; };
		0F7EEF941D211914008D175C /* Theme.xcassets in Resources */ = {isa = PBXBuildFile; fileRef = 0F7EEF931D211914008D175C /* Theme.xcassets */; };
		0FFCB51C1D2C9F6B00D863FA /* PGLoginViewController.m in Sources */ = {isa = PBXBuildFile; fileRef = 0FFCB51B1D2C9F6B00D863FA /* PGLoginViewController.m */; };
		0FFCB5241D2CABDE00D863FA /* PGTourView.m in Sources */ = {isa = PBXBuildFile; fileRef = 0FFCB5231D2CABDE00D863FA /* PGTourView.m */; };
		0FFCB5331D2CF35400D863FA /* PGSocialView.m in Sources */ = {isa = PBXBuildFile; fileRef = 0FFCB5321D2CF35400D863FA /* PGSocialView.m */; };
		0FFCB5371D2D009100D863FA /* PGLoginBaseView.m in Sources */ = {isa = PBXBuildFile; fileRef = 0FFCB5361D2D009100D863FA /* PGLoginBaseView.m */; };
		0FFCB53A1D2D01E200D863FA /* PGLoginView.m in Sources */ = {isa = PBXBuildFile; fileRef = 0FFCB5391D2D01E200D863FA /* PGLoginView.m */; };
		0FFCB53D1D2D033E00D863FA /* PGRegisterView.m in Sources */ = {isa = PBXBuildFile; fileRef = 0FFCB53C1D2D033E00D863FA /* PGRegisterView.m */; };
		0FFCB5411D2D050D00D863FA /* PGLoginViewModel.m in Sources */ = {isa = PBXBuildFile; fileRef = 0FFCB5401D2D050D00D863FA /* PGLoginViewModel.m */; };
		0FFDEB7C1D2E340000C67445 /* PGLoginUserInfoTextField.m in Sources */ = {isa = PBXBuildFile; fileRef = 0FFDEB7B1D2E340000C67445 /* PGLoginUserInfoTextField.m */; };
		0FFDEB821D2E356300C67445 /* PGRegisterUserInfoView.m in Sources */ = {isa = PBXBuildFile; fileRef = 0FFDEB811D2E356300C67445 /* PGRegisterUserInfoView.m */; };
		0FFDEB851D2E38A800C67445 /* PGRegisterSucessView.m in Sources */ = {isa = PBXBuildFile; fileRef = 0FFDEB841D2E38A800C67445 /* PGRegisterSucessView.m */; };
		0FFDEB881D2E458300C67445 /* PGSMSCodeRegisterView.m in Sources */ = {isa = PBXBuildFile; fileRef = 0FFDEB871D2E458300C67445 /* PGSMSCodeRegisterView.m */; };
/* End PBXBuildFile section */

/* Begin PBXContainerItemProxy section */
		0F7EEF711D210F63008D175C /* PBXContainerItemProxy */ = {
			isa = PBXContainerItemProxy;
			containerPortal = 0F7EEF161D210F37008D175C /* Project object */;
			proxyType = 1;
			remoteGlobalIDString = 0F7EEF571D210F63008D175C;
			remoteInfo = PenguinGuide;
		};
		0F7EEF7C1D210F64008D175C /* PBXContainerItemProxy */ = {
			isa = PBXContainerItemProxy;
			containerPortal = 0F7EEF161D210F37008D175C /* Project object */;
			proxyType = 1;
			remoteGlobalIDString = 0F7EEF571D210F63008D175C;
			remoteInfo = PenguinGuide;
		};
/* End PBXContainerItemProxy section */

/* Begin PBXFileReference section */
		0F1790BA1D2DFCC600672B27 /* PGPasswordLoginView.h */ = {isa = PBXFileReference; fileEncoding = 4; lastKnownFileType = sourcecode.c.h; path = PGPasswordLoginView.h; sourceTree = "<group>"; };
		0F1790BB1D2DFCC600672B27 /* PGPasswordLoginView.m */ = {isa = PBXFileReference; fileEncoding = 4; lastKnownFileType = sourcecode.c.objc; path = PGPasswordLoginView.m; sourceTree = "<group>"; };
		0F1790BD1D2DFD0500672B27 /* PGLoginPasswordTextField.h */ = {isa = PBXFileReference; fileEncoding = 4; lastKnownFileType = sourcecode.c.h; path = PGLoginPasswordTextField.h; sourceTree = "<group>"; };
		0F1790BE1D2DFD0500672B27 /* PGLoginPasswordTextField.m */ = {isa = PBXFileReference; fileEncoding = 4; lastKnownFileType = sourcecode.c.objc; path = PGLoginPasswordTextField.m; sourceTree = "<group>"; };
		0F1790C01D2E0D6F00672B27 /* PGResetPasswordView.h */ = {isa = PBXFileReference; fileEncoding = 4; lastKnownFileType = sourcecode.c.h; path = PGResetPasswordView.h; sourceTree = "<group>"; };
		0F1790C11D2E0D6F00672B27 /* PGResetPasswordView.m */ = {isa = PBXFileReference; fileEncoding = 4; lastKnownFileType = sourcecode.c.objc; path = PGResetPasswordView.m; sourceTree = "<group>"; };
		0F1790C31D2E0E3600672B27 /* PGLoginSMSCodeTextField.h */ = {isa = PBXFileReference; fileEncoding = 4; lastKnownFileType = sourcecode.c.h; path = PGLoginSMSCodeTextField.h; sourceTree = "<group>"; };
		0F1790C41D2E0E3600672B27 /* PGLoginSMSCodeTextField.m */ = {isa = PBXFileReference; fileEncoding = 4; lastKnownFileType = sourcecode.c.objc; path = PGLoginSMSCodeTextField.m; sourceTree = "<group>"; };
		0F1790C61D2E229E00672B27 /* PGUpdatePasswordView.h */ = {isa = PBXFileReference; fileEncoding = 4; lastKnownFileType = sourcecode.c.h; path = PGUpdatePasswordView.h; sourceTree = "<group>"; };
		0F1790C71D2E229E00672B27 /* PGUpdatePasswordView.m */ = {isa = PBXFileReference; fileEncoding = 4; lastKnownFileType = sourcecode.c.objc; path = PGUpdatePasswordView.m; sourceTree = "<group>"; };
		0F1790C91D2E24DE00672B27 /* PGSMSCodeLoginView.h */ = {isa = PBXFileReference; fileEncoding = 4; lastKnownFileType = sourcecode.c.h; path = PGSMSCodeLoginView.h; sourceTree = "<group>"; };
		0F1790CA1D2E24DE00672B27 /* PGSMSCodeLoginView.m */ = {isa = PBXFileReference; fileEncoding = 4; lastKnownFileType = sourcecode.c.objc; path = PGSMSCodeLoginView.m; sourceTree = "<group>"; };
		0F2DC2921D32973500277C9E /* PGHomeViewModel.h */ = {isa = PBXFileReference; fileEncoding = 4; lastKnownFileType = sourcecode.c.h; path = PGHomeViewModel.h; sourceTree = "<group>"; };
		0F2DC2931D32973500277C9E /* PGHomeViewModel.m */ = {isa = PBXFileReference; fileEncoding = 4; lastKnownFileType = sourcecode.c.objc; path = PGHomeViewModel.m; sourceTree = "<group>"; };
		0F2DC2981D32995500277C9E /* PGBaseNavigationController.h */ = {isa = PBXFileReference; fileEncoding = 4; lastKnownFileType = sourcecode.c.h; path = PGBaseNavigationController.h; sourceTree = "<group>"; };
		0F2DC2991D32995500277C9E /* PGBaseNavigationController.m */ = {isa = PBXFileReference; fileEncoding = 4; lastKnownFileType = sourcecode.c.objc; path = PGBaseNavigationController.m; sourceTree = "<group>"; };
		0F2DC29A1D32995500277C9E /* PGBaseViewController.h */ = {isa = PBXFileReference; fileEncoding = 4; lastKnownFileType = sourcecode.c.h; path = PGBaseViewController.h; sourceTree = "<group>"; };
		0F2DC29B1D32995500277C9E /* PGBaseViewController.m */ = {isa = PBXFileReference; fileEncoding = 4; lastKnownFileType = sourcecode.c.objc; path = PGBaseViewController.m; sourceTree = "<group>"; };
		0F2DC29D1D32995500277C9E /* PGBaseCollectionView.h */ = {isa = PBXFileReference; fileEncoding = 4; lastKnownFileType = sourcecode.c.h; path = PGBaseCollectionView.h; sourceTree = "<group>"; };
		0F2DC29E1D32995500277C9E /* PGBaseCollectionView.m */ = {isa = PBXFileReference; fileEncoding = 4; lastKnownFileType = sourcecode.c.objc; path = PGBaseCollectionView.m; sourceTree = "<group>"; };
		0F2DC2A21D32997900277C9E /* PGPagedBannersCell.h */ = {isa = PBXFileReference; fileEncoding = 4; lastKnownFileType = sourcecode.c.h; path = PGPagedBannersCell.h; sourceTree = "<group>"; };
		0F2DC2A31D32997900277C9E /* PGPagedBannersCell.m */ = {isa = PBXFileReference; fileEncoding = 4; lastKnownFileType = sourcecode.c.objc; path = PGPagedBannersCell.m; sourceTree = "<group>"; };
		0F3677801D2D6B050023CD3D /* PGLoginPhoneTextField.h */ = {isa = PBXFileReference; fileEncoding = 4; lastKnownFileType = sourcecode.c.h; path = PGLoginPhoneTextField.h; sourceTree = "<group>"; };
		0F3677811D2D6B050023CD3D /* PGLoginPhoneTextField.m */ = {isa = PBXFileReference; fileEncoding = 4; lastKnownFileType = sourcecode.c.objc; path = PGLoginPhoneTextField.m; sourceTree = "<group>"; };
		0F3C7EEF1D2F72E700284066 /* PGHomeViewController.h */ = {isa = PBXFileReference; fileEncoding = 4; lastKnownFileType = sourcecode.c.h; path = PGHomeViewController.h; sourceTree = "<group>"; };
		0F3C7EF01D2F72E700284066 /* PGHomeViewController.m */ = {isa = PBXFileReference; fileEncoding = 4; lastKnownFileType = sourcecode.c.objc; path = PGHomeViewController.m; sourceTree = "<group>"; };
		0F3C7EF21D2F72FA00284066 /* PGExploreViewController.h */ = {isa = PBXFileReference; fileEncoding = 4; lastKnownFileType = sourcecode.c.h; path = PGExploreViewController.h; sourceTree = "<group>"; };
		0F3C7EF31D2F72FA00284066 /* PGExploreViewController.m */ = {isa = PBXFileReference; fileEncoding = 4; lastKnownFileType = sourcecode.c.objc; path = PGExploreViewController.m; sourceTree = "<group>"; };
		0F3C7EF51D2F730F00284066 /* PGStoreViewController.h */ = {isa = PBXFileReference; fileEncoding = 4; lastKnownFileType = sourcecode.c.h; path = PGStoreViewController.h; sourceTree = "<group>"; };
		0F3C7EF61D2F730F00284066 /* PGStoreViewController.m */ = {isa = PBXFileReference; fileEncoding = 4; lastKnownFileType = sourcecode.c.objc; path = PGStoreViewController.m; sourceTree = "<group>"; };
		0F3C7EF81D2F731B00284066 /* PGMeViewController.h */ = {isa = PBXFileReference; fileEncoding = 4; lastKnownFileType = sourcecode.c.h; path = PGMeViewController.h; sourceTree = "<group>"; };
		0F3C7EF91D2F731B00284066 /* PGMeViewController.m */ = {isa = PBXFileReference; fileEncoding = 4; lastKnownFileType = sourcecode.c.objc; path = PGMeViewController.m; sourceTree = "<group>"; };
		0F7EEF581D210F63008D175C /* PenguinGuide.app */ = {isa = PBXFileReference; explicitFileType = wrapper.application; includeInIndex = 0; path = PenguinGuide.app; sourceTree = BUILT_PRODUCTS_DIR; };
		0F7EEF5B1D210F63008D175C /* main.m */ = {isa = PBXFileReference; lastKnownFileType = sourcecode.c.objc; path = main.m; sourceTree = "<group>"; };
		0F7EEF5D1D210F63008D175C /* AppDelegate.h */ = {isa = PBXFileReference; lastKnownFileType = sourcecode.c.h; path = AppDelegate.h; sourceTree = "<group>"; };
		0F7EEF5E1D210F63008D175C /* AppDelegate.m */ = {isa = PBXFileReference; lastKnownFileType = sourcecode.c.objc; path = AppDelegate.m; sourceTree = "<group>"; };
		0F7EEF601D210F63008D175C /* ViewController.h */ = {isa = PBXFileReference; lastKnownFileType = sourcecode.c.h; path = ViewController.h; sourceTree = "<group>"; };
		0F7EEF611D210F63008D175C /* ViewController.m */ = {isa = PBXFileReference; lastKnownFileType = sourcecode.c.objc; path = ViewController.m; sourceTree = "<group>"; };
		0F7EEF661D210F63008D175C /* Assets.xcassets */ = {isa = PBXFileReference; lastKnownFileType = folder.assetcatalog; name = Assets.xcassets; path = ../Assets.xcassets; sourceTree = "<group>"; };
		0F7EEF6B1D210F63008D175C /* Info.plist */ = {isa = PBXFileReference; lastKnownFileType = text.plist.xml; path = Info.plist; sourceTree = "<group>"; };
		0F7EEF701D210F63008D175C /* PenguinGuideTests.xctest */ = {isa = PBXFileReference; explicitFileType = wrapper.cfbundle; includeInIndex = 0; path = PenguinGuideTests.xctest; sourceTree = BUILT_PRODUCTS_DIR; };
		0F7EEF741D210F63008D175C /* PenguinGuideTests.m */ = {isa = PBXFileReference; lastKnownFileType = sourcecode.c.objc; path = PenguinGuideTests.m; sourceTree = "<group>"; };
		0F7EEF761D210F63008D175C /* Info.plist */ = {isa = PBXFileReference; lastKnownFileType = text.plist.xml; path = Info.plist; sourceTree = "<group>"; };
		0F7EEF7B1D210F64008D175C /* PenguinGuideUITests.xctest */ = {isa = PBXFileReference; explicitFileType = wrapper.cfbundle; includeInIndex = 0; path = PenguinGuideUITests.xctest; sourceTree = BUILT_PRODUCTS_DIR; };
		0F7EEF7F1D210F64008D175C /* PenguinGuideUITests.m */ = {isa = PBXFileReference; lastKnownFileType = sourcecode.c.objc; path = PenguinGuideUITests.m; sourceTree = "<group>"; };
		0F7EEF811D210F64008D175C /* Info.plist */ = {isa = PBXFileReference; lastKnownFileType = text.plist.xml; path = Info.plist; sourceTree = "<group>"; };
		0F7EEF911D2118F6008D175C /* Controller.xcassets */ = {isa = PBXFileReference; lastKnownFileType = folder.assetcatalog; path = Controller.xcassets; sourceTree = "<group>"; };
		0F7EEF931D211914008D175C /* Theme.xcassets */ = {isa = PBXFileReference; lastKnownFileType = folder.assetcatalog; path = Theme.xcassets; sourceTree = "<group>"; };
		0FFCB51A1D2C9F6B00D863FA /* PGLoginViewController.h */ = {isa = PBXFileReference; fileEncoding = 4; lastKnownFileType = sourcecode.c.h; path = PGLoginViewController.h; sourceTree = "<group>"; };
		0FFCB51B1D2C9F6B00D863FA /* PGLoginViewController.m */ = {isa = PBXFileReference; fileEncoding = 4; lastKnownFileType = sourcecode.c.objc; path = PGLoginViewController.m; sourceTree = "<group>"; };
		0FFCB5221D2CABDE00D863FA /* PGTourView.h */ = {isa = PBXFileReference; fileEncoding = 4; lastKnownFileType = sourcecode.c.h; path = PGTourView.h; sourceTree = "<group>"; };
		0FFCB5231D2CABDE00D863FA /* PGTourView.m */ = {isa = PBXFileReference; fileEncoding = 4; lastKnownFileType = sourcecode.c.objc; path = PGTourView.m; sourceTree = "<group>"; };
		0FFCB5251D2CAC7200D863FA /* PenguinGuide-Prefix.pch */ = {isa = PBXFileReference; lastKnownFileType = sourcecode.c.h; path = "PenguinGuide-Prefix.pch"; sourceTree = "<group>"; };
		0FFCB5261D2CADB700D863FA /* PGMacros.h */ = {isa = PBXFileReference; lastKnownFileType = sourcecode.c.h; path = PGMacros.h; sourceTree = "<group>"; };
		0FFCB5311D2CF35400D863FA /* PGSocialView.h */ = {isa = PBXFileReference; fileEncoding = 4; lastKnownFileType = sourcecode.c.h; path = PGSocialView.h; sourceTree = "<group>"; };
		0FFCB5321D2CF35400D863FA /* PGSocialView.m */ = {isa = PBXFileReference; fileEncoding = 4; lastKnownFileType = sourcecode.c.objc; path = PGSocialView.m; sourceTree = "<group>"; };
		0FFCB5351D2D009100D863FA /* PGLoginBaseView.h */ = {isa = PBXFileReference; fileEncoding = 4; lastKnownFileType = sourcecode.c.h; path = PGLoginBaseView.h; sourceTree = "<group>"; };
		0FFCB5361D2D009100D863FA /* PGLoginBaseView.m */ = {isa = PBXFileReference; fileEncoding = 4; lastKnownFileType = sourcecode.c.objc; path = PGLoginBaseView.m; sourceTree = "<group>"; };
		0FFCB5381D2D01E200D863FA /* PGLoginView.h */ = {isa = PBXFileReference; fileEncoding = 4; lastKnownFileType = sourcecode.c.h; path = PGLoginView.h; sourceTree = "<group>"; };
		0FFCB5391D2D01E200D863FA /* PGLoginView.m */ = {isa = PBXFileReference; fileEncoding = 4; lastKnownFileType = sourcecode.c.objc; path = PGLoginView.m; sourceTree = "<group>"; };
		0FFCB53B1D2D033E00D863FA /* PGRegisterView.h */ = {isa = PBXFileReference; fileEncoding = 4; lastKnownFileType = sourcecode.c.h; path = PGRegisterView.h; sourceTree = "<group>"; };
		0FFCB53C1D2D033E00D863FA /* PGRegisterView.m */ = {isa = PBXFileReference; fileEncoding = 4; lastKnownFileType = sourcecode.c.objc; path = PGRegisterView.m; sourceTree = "<group>"; };
		0FFCB53F1D2D050D00D863FA /* PGLoginViewModel.h */ = {isa = PBXFileReference; fileEncoding = 4; lastKnownFileType = sourcecode.c.h; path = PGLoginViewModel.h; sourceTree = "<group>"; };
		0FFCB5401D2D050D00D863FA /* PGLoginViewModel.m */ = {isa = PBXFileReference; fileEncoding = 4; lastKnownFileType = sourcecode.c.objc; path = PGLoginViewModel.m; sourceTree = "<group>"; };
		0FFDEB7A1D2E340000C67445 /* PGLoginUserInfoTextField.h */ = {isa = PBXFileReference; fileEncoding = 4; lastKnownFileType = sourcecode.c.h; path = PGLoginUserInfoTextField.h; sourceTree = "<group>"; };
		0FFDEB7B1D2E340000C67445 /* PGLoginUserInfoTextField.m */ = {isa = PBXFileReference; fileEncoding = 4; lastKnownFileType = sourcecode.c.objc; path = PGLoginUserInfoTextField.m; sourceTree = "<group>"; };
		0FFDEB801D2E356300C67445 /* PGRegisterUserInfoView.h */ = {isa = PBXFileReference; fileEncoding = 4; lastKnownFileType = sourcecode.c.h; path = PGRegisterUserInfoView.h; sourceTree = "<group>"; };
		0FFDEB811D2E356300C67445 /* PGRegisterUserInfoView.m */ = {isa = PBXFileReference; fileEncoding = 4; lastKnownFileType = sourcecode.c.objc; path = PGRegisterUserInfoView.m; sourceTree = "<group>"; };
		0FFDEB831D2E38A800C67445 /* PGRegisterSucessView.h */ = {isa = PBXFileReference; fileEncoding = 4; lastKnownFileType = sourcecode.c.h; path = PGRegisterSucessView.h; sourceTree = "<group>"; };
		0FFDEB841D2E38A800C67445 /* PGRegisterSucessView.m */ = {isa = PBXFileReference; fileEncoding = 4; lastKnownFileType = sourcecode.c.objc; path = PGRegisterSucessView.m; sourceTree = "<group>"; };
		0FFDEB861D2E458300C67445 /* PGSMSCodeRegisterView.h */ = {isa = PBXFileReference; fileEncoding = 4; lastKnownFileType = sourcecode.c.h; path = PGSMSCodeRegisterView.h; sourceTree = "<group>"; };
		0FFDEB871D2E458300C67445 /* PGSMSCodeRegisterView.m */ = {isa = PBXFileReference; fileEncoding = 4; lastKnownFileType = sourcecode.c.objc; path = PGSMSCodeRegisterView.m; sourceTree = "<group>"; };
		949828526171CC081956A2A0 /* Pods-PenguinGuide.release.xcconfig */ = {isa = PBXFileReference; includeInIndex = 1; lastKnownFileType = text.xcconfig; name = "Pods-PenguinGuide.release.xcconfig"; path = "Pods/Target Support Files/Pods-PenguinGuide/Pods-PenguinGuide.release.xcconfig"; sourceTree = "<group>"; };
		ADB19FE6B001C4E07FD07613 /* Pods-PenguinGuide.debug.xcconfig */ = {isa = PBXFileReference; includeInIndex = 1; lastKnownFileType = text.xcconfig; name = "Pods-PenguinGuide.debug.xcconfig"; path = "Pods/Target Support Files/Pods-PenguinGuide/Pods-PenguinGuide.debug.xcconfig"; sourceTree = "<group>"; };
		BF885179112DA7487FF34089 /* libPods-PenguinGuide.a */ = {isa = PBXFileReference; explicitFileType = archive.ar; includeInIndex = 0; path = "libPods-PenguinGuide.a"; sourceTree = BUILT_PRODUCTS_DIR; };
/* End PBXFileReference section */

/* Begin PBXFrameworksBuildPhase section */
		0F7EEF551D210F63008D175C /* Frameworks */ = {
			isa = PBXFrameworksBuildPhase;
			buildActionMask = 2147483647;
			files = (
				0DF3313AD03FFD0EE812C3B5 /* libPods-PenguinGuide.a in Frameworks */,
			);
			runOnlyForDeploymentPostprocessing = 0;
		};
		0F7EEF6D1D210F63008D175C /* Frameworks */ = {
			isa = PBXFrameworksBuildPhase;
			buildActionMask = 2147483647;
			files = (
			);
			runOnlyForDeploymentPostprocessing = 0;
		};
		0F7EEF781D210F64008D175C /* Frameworks */ = {
			isa = PBXFrameworksBuildPhase;
			buildActionMask = 2147483647;
			files = (
			);
			runOnlyForDeploymentPostprocessing = 0;
		};
/* End PBXFrameworksBuildPhase section */

/* Begin PBXGroup section */
		0F2DC2911D32958C00277C9E /* Home */ = {
			isa = PBXGroup;
			children = (
				0F2DC2921D32973500277C9E /* PGHomeViewModel.h */,
				0F2DC2931D32973500277C9E /* PGHomeViewModel.m */,
			);
			path = Home;
			sourceTree = "<group>";
		};
		0F2DC2951D3298F000277C9E /* Cells */ = {
			isa = PBXGroup;
			children = (
			);
			path = Cells;
			sourceTree = "<group>";
		};
		0F2DC2961D32995500277C9E /* BaseCells */ = {
			isa = PBXGroup;
			children = (
				0F2DC2A21D32997900277C9E /* PGPagedBannersCell.h */,
				0F2DC2A31D32997900277C9E /* PGPagedBannersCell.m */,
			);
			path = BaseCells;
			sourceTree = "<group>";
		};
		0F2DC2971D32995500277C9E /* BaseController */ = {
			isa = PBXGroup;
			children = (
				0F2DC2981D32995500277C9E /* PGBaseNavigationController.h */,
				0F2DC2991D32995500277C9E /* PGBaseNavigationController.m */,
				0F2DC29A1D32995500277C9E /* PGBaseViewController.h */,
				0F2DC29B1D32995500277C9E /* PGBaseViewController.m */,
			);
			path = BaseController;
			sourceTree = "<group>";
		};
		0F2DC29C1D32995500277C9E /* BaseView */ = {
			isa = PBXGroup;
			children = (
				0F2DC29D1D32995500277C9E /* PGBaseCollectionView.h */,
				0F2DC29E1D32995500277C9E /* PGBaseCollectionView.m */,
			);
			path = BaseView;
			sourceTree = "<group>";
		};
		0F36777F1D2D69DD0023CD3D /* TextField */ = {
			isa = PBXGroup;
			children = (
				0F3677801D2D6B050023CD3D /* PGLoginPhoneTextField.h */,
				0F3677811D2D6B050023CD3D /* PGLoginPhoneTextField.m */,
				0F1790BD1D2DFD0500672B27 /* PGLoginPasswordTextField.h */,
				0F1790BE1D2DFD0500672B27 /* PGLoginPasswordTextField.m */,
				0F1790C31D2E0E3600672B27 /* PGLoginSMSCodeTextField.h */,
				0F1790C41D2E0E3600672B27 /* PGLoginSMSCodeTextField.m */,
				0FFDEB7A1D2E340000C67445 /* PGLoginUserInfoTextField.h */,
				0FFDEB7B1D2E340000C67445 /* PGLoginUserInfoTextField.m */,
			);
			path = TextField;
			sourceTree = "<group>";
		};
		0F3C7EEB1D2F72CB00284066 /* Explore */ = {
			isa = PBXGroup;
			children = (
				0F3C7EF21D2F72FA00284066 /* PGExploreViewController.h */,
				0F3C7EF31D2F72FA00284066 /* PGExploreViewController.m */,
			);
			path = Explore;
			sourceTree = "<group>";
		};
		0F3C7EEC1D2F72CB00284066 /* Home */ = {
			isa = PBXGroup;
			children = (
				0F2DC2951D3298F000277C9E /* Cells */,
				0F3C7EEF1D2F72E700284066 /* PGHomeViewController.h */,
				0F3C7EF01D2F72E700284066 /* PGHomeViewController.m */,
			);
			path = Home;
			sourceTree = "<group>";
		};
		0F3C7EED1D2F72CB00284066 /* Me */ = {
			isa = PBXGroup;
			children = (
				0F3C7EF81D2F731B00284066 /* PGMeViewController.h */,
				0F3C7EF91D2F731B00284066 /* PGMeViewController.m */,
			);
			path = Me;
			sourceTree = "<group>";
		};
		0F3C7EEE1D2F72CB00284066 /* Store */ = {
			isa = PBXGroup;
			children = (
				0F3C7EF51D2F730F00284066 /* PGStoreViewController.h */,
				0F3C7EF61D2F730F00284066 /* PGStoreViewController.m */,
			);
			path = Store;
			sourceTree = "<group>";
		};
		0F7EEF151D210F37008D175C = {
			isa = PBXGroup;
			children = (
				0F7EEF591D210F63008D175C /* PenguinGuide */,
				0F7EEF731D210F63008D175C /* PenguinGuideTests */,
				0F7EEF7E1D210F64008D175C /* PenguinGuideUITests */,
				0F7EEF1F1D210F37008D175C /* Products */,
				CE008C4194BE8BC407FE4BFC /* Pods */,
				CBE777C5A9840912C74D8E68 /* Frameworks */,
			);
			sourceTree = "<group>";
		};
		0F7EEF1F1D210F37008D175C /* Products */ = {
			isa = PBXGroup;
			children = (
				0F7EEF581D210F63008D175C /* PenguinGuide.app */,
				0F7EEF701D210F63008D175C /* PenguinGuideTests.xctest */,
				0F7EEF7B1D210F64008D175C /* PenguinGuideUITests.xctest */,
			);
			name = Products;
			sourceTree = "<group>";
		};
		0F7EEF591D210F63008D175C /* PenguinGuide */ = {
			isa = PBXGroup;
			children = (
				0F7EEF8C1D211085008D175C /* ViewController */,
				0F7EEF8D1D211085008D175C /* ViewModel */,
				0F7EEF8B1D211085008D175C /* Model */,
				0FFCB51E1D2CA42900D863FA /* Global */,
				0F7EEF901D2116D1008D175C /* Resource */,
				0F7EEF5D1D210F63008D175C /* AppDelegate.h */,
				0F7EEF5E1D210F63008D175C /* AppDelegate.m */,
				0F7EEF601D210F63008D175C /* ViewController.h */,
				0F7EEF611D210F63008D175C /* ViewController.m */,
				0F7EEF5A1D210F63008D175C /* Supporting Files */,
			);
			path = PenguinGuide;
			sourceTree = "<group>";
		};
		0F7EEF5A1D210F63008D175C /* Supporting Files */ = {
			isa = PBXGroup;
			children = (
				0F7EEF6B1D210F63008D175C /* Info.plist */,
				0F7EEF5B1D210F63008D175C /* main.m */,
				0FFCB5251D2CAC7200D863FA /* PenguinGuide-Prefix.pch */,
			);
			name = "Supporting Files";
			sourceTree = "<group>";
		};
		0F7EEF731D210F63008D175C /* PenguinGuideTests */ = {
			isa = PBXGroup;
			children = (
				0F7EEF741D210F63008D175C /* PenguinGuideTests.m */,
				0F7EEF761D210F63008D175C /* Info.plist */,
			);
			path = PenguinGuideTests;
			sourceTree = "<group>";
		};
		0F7EEF7E1D210F64008D175C /* PenguinGuideUITests */ = {
			isa = PBXGroup;
			children = (
				0F7EEF7F1D210F64008D175C /* PenguinGuideUITests.m */,
				0F7EEF811D210F64008D175C /* Info.plist */,
			);
			path = PenguinGuideUITests;
			sourceTree = "<group>";
		};
		0F7EEF8B1D211085008D175C /* Model */ = {
			isa = PBXGroup;
			children = (
			);
			path = Model;
			sourceTree = "<group>";
		};
		0F7EEF8C1D211085008D175C /* ViewController */ = {
			isa = PBXGroup;
			children = (
				0FF816231D2BAD1E00C78E3A /* Base */,
				0F90942F1D2A6997004513CE /* Login */,
				0F3C7EEC1D2F72CB00284066 /* Home */,
				0F3C7EEB1D2F72CB00284066 /* Explore */,
				0F3C7EEE1D2F72CB00284066 /* Store */,
				0F3C7EED1D2F72CB00284066 /* Me */,
			);
			path = ViewController;
			sourceTree = "<group>";
		};
		0F7EEF8D1D211085008D175C /* ViewModel */ = {
			isa = PBXGroup;
			children = (
				0FFCB53E1D2D03D000D863FA /* Login */,
				0F2DC2911D32958C00277C9E /* Home */,
			);
			path = ViewModel;
			sourceTree = "<group>";
		};
		0F7EEF901D2116D1008D175C /* Resource */ = {
			isa = PBXGroup;
			children = (
				0F7EEF661D210F63008D175C /* Assets.xcassets */,
				0F7EEF911D2118F6008D175C /* Controller.xcassets */,
				0F7EEF931D211914008D175C /* Theme.xcassets */,
			);
			path = Resource;
			sourceTree = "<group>";
		};
		0F90942F1D2A6997004513CE /* Login */ = {
			isa = PBXGroup;
			children = (
				0FFCB51D1D2C9F8500D863FA /* View */,
				0FFCB51A1D2C9F6B00D863FA /* PGLoginViewController.h */,
				0FFCB51B1D2C9F6B00D863FA /* PGLoginViewController.m */,
			);
			path = Login;
			sourceTree = "<group>";
		};
		0FF816231D2BAD1E00C78E3A /* Base */ = {
			isa = PBXGroup;
			children = (
				0F2DC2961D32995500277C9E /* BaseCells */,
				0F2DC2971D32995500277C9E /* BaseController */,
				0F2DC29C1D32995500277C9E /* BaseView */,
			);
			path = Base;
			sourceTree = "<group>";
		};
		0FFCB51D1D2C9F8500D863FA /* View */ = {
			isa = PBXGroup;
			children = (
				0FFCB5341D2D007F00D863FA /* BaseView */,
				0FFCB5211D2CAB7100D863FA /* TourView */,
				0FFCB5201D2CAB7100D863FA /* RegisterView */,
				0FFCB51F1D2CAB7100D863FA /* LoginView */,
				0FFCB5301D2CF32900D863FA /* SocialView */,
				0F36777F1D2D69DD0023CD3D /* TextField */,
			);
			path = View;
			sourceTree = "<group>";
		};
		0FFCB51E1D2CA42900D863FA /* Global */ = {
			isa = PBXGroup;
			children = (
				0FFCB5261D2CADB700D863FA /* PGMacros.h */,
			);
			path = Global;
			sourceTree = "<group>";
		};
		0FFCB51F1D2CAB7100D863FA /* LoginView */ = {
			isa = PBXGroup;
			children = (
				0FFCB5381D2D01E200D863FA /* PGLoginView.h */,
				0FFCB5391D2D01E200D863FA /* PGLoginView.m */,
				0F1790C91D2E24DE00672B27 /* PGSMSCodeLoginView.h */,
				0F1790CA1D2E24DE00672B27 /* PGSMSCodeLoginView.m */,
				0F1790BA1D2DFCC600672B27 /* PGPasswordLoginView.h */,
				0F1790BB1D2DFCC600672B27 /* PGPasswordLoginView.m */,
				0F1790C01D2E0D6F00672B27 /* PGResetPasswordView.h */,
				0F1790C11D2E0D6F00672B27 /* PGResetPasswordView.m */,
				0F1790C61D2E229E00672B27 /* PGUpdatePasswordView.h */,
				0F1790C71D2E229E00672B27 /* PGUpdatePasswordView.m */,
			);
			path = LoginView;
			sourceTree = "<group>";
		};
		0FFCB5201D2CAB7100D863FA /* RegisterView */ = {
			isa = PBXGroup;
			children = (
				0FFCB53B1D2D033E00D863FA /* PGRegisterView.h */,
				0FFCB53C1D2D033E00D863FA /* PGRegisterView.m */,
				0FFDEB861D2E458300C67445 /* PGSMSCodeRegisterView.h */,
				0FFDEB871D2E458300C67445 /* PGSMSCodeRegisterView.m */,
				0FFDEB801D2E356300C67445 /* PGRegisterUserInfoView.h */,
				0FFDEB811D2E356300C67445 /* PGRegisterUserInfoView.m */,
				0FFDEB831D2E38A800C67445 /* PGRegisterSucessView.h */,
				0FFDEB841D2E38A800C67445 /* PGRegisterSucessView.m */,
			);
			path = RegisterView;
			sourceTree = "<group>";
		};
		0FFCB5211D2CAB7100D863FA /* TourView */ = {
			isa = PBXGroup;
			children = (
				0FFCB5221D2CABDE00D863FA /* PGTourView.h */,
				0FFCB5231D2CABDE00D863FA /* PGTourView.m */,
			);
			path = TourView;
			sourceTree = "<group>";
		};
		0FFCB5301D2CF32900D863FA /* SocialView */ = {
			isa = PBXGroup;
			children = (
				0FFCB5311D2CF35400D863FA /* PGSocialView.h */,
				0FFCB5321D2CF35400D863FA /* PGSocialView.m */,
			);
			path = SocialView;
			sourceTree = "<group>";
		};
		0FFCB5341D2D007F00D863FA /* BaseView */ = {
			isa = PBXGroup;
			children = (
				0FFCB5351D2D009100D863FA /* PGLoginBaseView.h */,
				0FFCB5361D2D009100D863FA /* PGLoginBaseView.m */,
			);
			path = BaseView;
			sourceTree = "<group>";
		};
		0FFCB53E1D2D03D000D863FA /* Login */ = {
			isa = PBXGroup;
			children = (
				0FFCB53F1D2D050D00D863FA /* PGLoginViewModel.h */,
				0FFCB5401D2D050D00D863FA /* PGLoginViewModel.m */,
			);
			path = Login;
			sourceTree = "<group>";
		};
		CBE777C5A9840912C74D8E68 /* Frameworks */ = {
			isa = PBXGroup;
			children = (
				BF885179112DA7487FF34089 /* libPods-PenguinGuide.a */,
			);
			name = Frameworks;
			sourceTree = "<group>";
		};
		CE008C4194BE8BC407FE4BFC /* Pods */ = {
			isa = PBXGroup;
			children = (
				ADB19FE6B001C4E07FD07613 /* Pods-PenguinGuide.debug.xcconfig */,
				949828526171CC081956A2A0 /* Pods-PenguinGuide.release.xcconfig */,
			);
			name = Pods;
			sourceTree = "<group>";
		};
/* End PBXGroup section */

/* Begin PBXNativeTarget section */
		0F7EEF571D210F63008D175C /* PenguinGuide */ = {
			isa = PBXNativeTarget;
			buildConfigurationList = 0F7EEF821D210F64008D175C /* Build configuration list for PBXNativeTarget "PenguinGuide" */;
			buildPhases = (
				419E4739498D4263353C8BC0 /* Check Pods Manifest.lock */,
				0F7EEF541D210F63008D175C /* Sources */,
				0F7EEF551D210F63008D175C /* Frameworks */,
				0F7EEF561D210F63008D175C /* Resources */,
				669B2344D8E28797319FACA6 /* Embed Pods Frameworks */,
				B391B2E89875FB049FFC3E11 /* Copy Pods Resources */,
				0F3C7EEA1D2F6B8200284066 /* ShellScript */,
			);
			buildRules = (
			);
			dependencies = (
			);
			name = PenguinGuide;
			productName = PenguinGuide;
			productReference = 0F7EEF581D210F63008D175C /* PenguinGuide.app */;
			productType = "com.apple.product-type.application";
		};
		0F7EEF6F1D210F63008D175C /* PenguinGuideTests */ = {
			isa = PBXNativeTarget;
			buildConfigurationList = 0F7EEF851D210F64008D175C /* Build configuration list for PBXNativeTarget "PenguinGuideTests" */;
			buildPhases = (
				0F7EEF6C1D210F63008D175C /* Sources */,
				0F7EEF6D1D210F63008D175C /* Frameworks */,
				0F7EEF6E1D210F63008D175C /* Resources */,
			);
			buildRules = (
			);
			dependencies = (
				0F7EEF721D210F63008D175C /* PBXTargetDependency */,
			);
			name = PenguinGuideTests;
			productName = PenguinGuideTests;
			productReference = 0F7EEF701D210F63008D175C /* PenguinGuideTests.xctest */;
			productType = "com.apple.product-type.bundle.unit-test";
		};
		0F7EEF7A1D210F64008D175C /* PenguinGuideUITests */ = {
			isa = PBXNativeTarget;
			buildConfigurationList = 0F7EEF881D210F64008D175C /* Build configuration list for PBXNativeTarget "PenguinGuideUITests" */;
			buildPhases = (
				0F7EEF771D210F64008D175C /* Sources */,
				0F7EEF781D210F64008D175C /* Frameworks */,
				0F7EEF791D210F64008D175C /* Resources */,
			);
			buildRules = (
			);
			dependencies = (
				0F7EEF7D1D210F64008D175C /* PBXTargetDependency */,
			);
			name = PenguinGuideUITests;
			productName = PenguinGuideUITests;
			productReference = 0F7EEF7B1D210F64008D175C /* PenguinGuideUITests.xctest */;
			productType = "com.apple.product-type.bundle.ui-testing";
		};
/* End PBXNativeTarget section */

/* Begin PBXProject section */
		0F7EEF161D210F37008D175C /* Project object */ = {
			isa = PBXProject;
			attributes = {
				LastUpgradeCheck = 0730;
				ORGANIZATIONNAME = Xinglian;
				TargetAttributes = {
					0F7EEF571D210F63008D175C = {
						CreatedOnToolsVersion = 7.3.1;
						DevelopmentTeam = T7L8K2T3RS;
					};
					0F7EEF6F1D210F63008D175C = {
						CreatedOnToolsVersion = 7.3.1;
						TestTargetID = 0F7EEF571D210F63008D175C;
					};
					0F7EEF7A1D210F64008D175C = {
						CreatedOnToolsVersion = 7.3.1;
						TestTargetID = 0F7EEF571D210F63008D175C;
					};
				};
			};
			buildConfigurationList = 0F7EEF191D210F37008D175C /* Build configuration list for PBXProject "Penguin" */;
			compatibilityVersion = "Xcode 3.2";
			developmentRegion = English;
			hasScannedForEncodings = 0;
			knownRegions = (
				en,
				Base,
			);
			mainGroup = 0F7EEF151D210F37008D175C;
			productRefGroup = 0F7EEF1F1D210F37008D175C /* Products */;
			projectDirPath = "";
			projectRoot = "";
			targets = (
				0F7EEF571D210F63008D175C /* PenguinGuide */,
				0F7EEF6F1D210F63008D175C /* PenguinGuideTests */,
				0F7EEF7A1D210F64008D175C /* PenguinGuideUITests */,
			);
		};
/* End PBXProject section */

/* Begin PBXResourcesBuildPhase section */
		0F7EEF561D210F63008D175C /* Resources */ = {
			isa = PBXResourcesBuildPhase;
			buildActionMask = 2147483647;
			files = (
				0F7EEF941D211914008D175C /* Theme.xcassets in Resources */,
				0F7EEF671D210F63008D175C /* Assets.xcassets in Resources */,
				0F7EEF921D2118F6008D175C /* Controller.xcassets in Resources */,
			);
			runOnlyForDeploymentPostprocessing = 0;
		};
		0F7EEF6E1D210F63008D175C /* Resources */ = {
			isa = PBXResourcesBuildPhase;
			buildActionMask = 2147483647;
			files = (
			);
			runOnlyForDeploymentPostprocessing = 0;
		};
		0F7EEF791D210F64008D175C /* Resources */ = {
			isa = PBXResourcesBuildPhase;
			buildActionMask = 2147483647;
			files = (
			);
			runOnlyForDeploymentPostprocessing = 0;
		};
/* End PBXResourcesBuildPhase section */

/* Begin PBXShellScriptBuildPhase section */
		0F3C7EEA1D2F6B8200284066 /* ShellScript */ = {
			isa = PBXShellScriptBuildPhase;
			buildActionMask = 2147483647;
			files = (
			);
			inputPaths = (
			);
			outputPaths = (
			);
			runOnlyForDeploymentPostprocessing = 0;
			shellPath = /bin/sh;
			shellScript = "\"${PODS_ROOT}/Fabric/run\" a4ca76f99190ba47b53c40b5f865d4fac4a83d9b a5df2295c56a6bbff61fd79cd8535e047c438bc4fbd643d3b534d5d06502bba2";
		};
		419E4739498D4263353C8BC0 /* Check Pods Manifest.lock */ = {
			isa = PBXShellScriptBuildPhase;
			buildActionMask = 2147483647;
			files = (
			);
			inputPaths = (
			);
			name = "Check Pods Manifest.lock";
			outputPaths = (
			);
			runOnlyForDeploymentPostprocessing = 0;
			shellPath = /bin/sh;
			shellScript = "diff \"${PODS_ROOT}/../Podfile.lock\" \"${PODS_ROOT}/Manifest.lock\" > /dev/null\nif [[ $? != 0 ]] ; then\n    cat << EOM\nerror: The sandbox is not in sync with the Podfile.lock. Run 'pod install' or update your CocoaPods installation.\nEOM\n    exit 1\nfi\n";
			showEnvVarsInLog = 0;
		};
		669B2344D8E28797319FACA6 /* Embed Pods Frameworks */ = {
			isa = PBXShellScriptBuildPhase;
			buildActionMask = 2147483647;
			files = (
			);
			inputPaths = (
			);
			name = "Embed Pods Frameworks";
			outputPaths = (
			);
			runOnlyForDeploymentPostprocessing = 0;
			shellPath = /bin/sh;
			shellScript = "\"${SRCROOT}/Pods/Target Support Files/Pods-PenguinGuide/Pods-PenguinGuide-frameworks.sh\"\n";
			showEnvVarsInLog = 0;
		};
		B391B2E89875FB049FFC3E11 /* Copy Pods Resources */ = {
			isa = PBXShellScriptBuildPhase;
			buildActionMask = 2147483647;
			files = (
			);
			inputPaths = (
			);
			name = "Copy Pods Resources";
			outputPaths = (
			);
			runOnlyForDeploymentPostprocessing = 0;
			shellPath = /bin/sh;
			shellScript = "\"${SRCROOT}/Pods/Target Support Files/Pods-PenguinGuide/Pods-PenguinGuide-resources.sh\"\n";
			showEnvVarsInLog = 0;
		};
/* End PBXShellScriptBuildPhase section */

/* Begin PBXSourcesBuildPhase section */
		0F7EEF541D210F63008D175C /* Sources */ = {
			isa = PBXSourcesBuildPhase;
			buildActionMask = 2147483647;
			files = (
				0F3C7EF11D2F72E700284066 /* PGHomeViewController.m in Sources */,
				0F2DC29F1D32995500277C9E /* PGBaseNavigationController.m in Sources */,
				0F1790C21D2E0D6F00672B27 /* PGResetPasswordView.m in Sources */,
				0F7EEF621D210F63008D175C /* ViewController.m in Sources */,
				0F3677821D2D6B050023CD3D /* PGLoginPhoneTextField.m in Sources */,
				0FFDEB7C1D2E340000C67445 /* PGLoginUserInfoTextField.m in Sources */,
				0F3C7EF71D2F730F00284066 /* PGStoreViewController.m in Sources */,
				0FFDEB851D2E38A800C67445 /* PGRegisterSucessView.m in Sources */,
				0F1790C81D2E229E00672B27 /* PGUpdatePasswordView.m in Sources */,
				0F1790CB1D2E24DE00672B27 /* PGSMSCodeLoginView.m in Sources */,
				0F2DC2A11D32995500277C9E /* PGBaseCollectionView.m in Sources */,
				0F7EEF5F1D210F63008D175C /* AppDelegate.m in Sources */,
				0F1790BC1D2DFCC600672B27 /* PGPasswordLoginView.m in Sources */,
				0FFCB53D1D2D033E00D863FA /* PGRegisterView.m in Sources */,
				0FFCB5371D2D009100D863FA /* PGLoginBaseView.m in Sources */,
				0FFDEB881D2E458300C67445 /* PGSMSCodeRegisterView.m in Sources */,
				0F1790BF1D2DFD0500672B27 /* PGLoginPasswordTextField.m in Sources */,
				0F2DC2941D32973500277C9E /* PGHomeViewModel.m in Sources */,
				0FFCB5241D2CABDE00D863FA /* PGTourView.m in Sources */,
				0F3C7EFA1D2F731B00284066 /* PGMeViewController.m in Sources */,
				0FFDEB821D2E356300C67445 /* PGRegisterUserInfoView.m in Sources */,
				0FFCB51C1D2C9F6B00D863FA /* PGLoginViewController.m in Sources */,
				0F1790C51D2E0E3600672B27 /* PGLoginSMSCodeTextField.m in Sources */,
				0F7EEF5C1D210F63008D175C /* main.m in Sources */,
				0F2DC2A01D32995500277C9E /* PGBaseViewController.m in Sources */,
				0FFCB5411D2D050D00D863FA /* PGLoginViewModel.m in Sources */,
				0F3C7EF41D2F72FA00284066 /* PGExploreViewController.m in Sources */,
				0FFCB5331D2CF35400D863FA /* PGSocialView.m in Sources */,
				0F2DC2A41D32997900277C9E /* PGPagedBannersCell.m in Sources */,
				0FFCB53A1D2D01E200D863FA /* PGLoginView.m in Sources */,
			);
			runOnlyForDeploymentPostprocessing = 0;
		};
		0F7EEF6C1D210F63008D175C /* Sources */ = {
			isa = PBXSourcesBuildPhase;
			buildActionMask = 2147483647;
			files = (
				0F7EEF751D210F63008D175C /* PenguinGuideTests.m in Sources */,
			);
			runOnlyForDeploymentPostprocessing = 0;
		};
		0F7EEF771D210F64008D175C /* Sources */ = {
			isa = PBXSourcesBuildPhase;
			buildActionMask = 2147483647;
			files = (
				0F7EEF801D210F64008D175C /* PenguinGuideUITests.m in Sources */,
			);
			runOnlyForDeploymentPostprocessing = 0;
		};
/* End PBXSourcesBuildPhase section */

/* Begin PBXTargetDependency section */
		0F7EEF721D210F63008D175C /* PBXTargetDependency */ = {
			isa = PBXTargetDependency;
			target = 0F7EEF571D210F63008D175C /* PenguinGuide */;
			targetProxy = 0F7EEF711D210F63008D175C /* PBXContainerItemProxy */;
		};
		0F7EEF7D1D210F64008D175C /* PBXTargetDependency */ = {
			isa = PBXTargetDependency;
			target = 0F7EEF571D210F63008D175C /* PenguinGuide */;
			targetProxy = 0F7EEF7C1D210F64008D175C /* PBXContainerItemProxy */;
		};
/* End PBXTargetDependency section */

/* Begin XCBuildConfiguration section */
		0F7EEF491D210F37008D175C /* Debug */ = {
			isa = XCBuildConfiguration;
			buildSettings = {
				ALWAYS_SEARCH_USER_PATHS = NO;
				CLANG_ANALYZER_NONNULL = YES;
				CLANG_CXX_LANGUAGE_STANDARD = "gnu++0x";
				CLANG_CXX_LIBRARY = "libc++";
				CLANG_ENABLE_MODULES = YES;
				CLANG_ENABLE_OBJC_ARC = YES;
				CLANG_WARN_BOOL_CONVERSION = YES;
				CLANG_WARN_CONSTANT_CONVERSION = YES;
				CLANG_WARN_DIRECT_OBJC_ISA_USAGE = YES_ERROR;
				CLANG_WARN_EMPTY_BODY = YES;
				CLANG_WARN_ENUM_CONVERSION = YES;
				CLANG_WARN_INT_CONVERSION = YES;
				CLANG_WARN_OBJC_ROOT_CLASS = YES_ERROR;
				CLANG_WARN_UNREACHABLE_CODE = YES;
				CLANG_WARN__DUPLICATE_METHOD_MATCH = YES;
				"CODE_SIGN_IDENTITY[sdk=iphoneos*]" = "iPhone Developer";
				COPY_PHASE_STRIP = NO;
				DEBUG_INFORMATION_FORMAT = dwarf;
				ENABLE_STRICT_OBJC_MSGSEND = YES;
				ENABLE_TESTABILITY = YES;
				GCC_C_LANGUAGE_STANDARD = gnu99;
				GCC_DYNAMIC_NO_PIC = NO;
				GCC_NO_COMMON_BLOCKS = YES;
				GCC_OPTIMIZATION_LEVEL = 0;
				GCC_PREPROCESSOR_DEFINITIONS = (
					"DEBUG=1",
					"$(inherited)",
				);
				GCC_WARN_64_TO_32_BIT_CONVERSION = YES;
				GCC_WARN_ABOUT_RETURN_TYPE = YES_ERROR;
				GCC_WARN_UNDECLARED_SELECTOR = YES;
				GCC_WARN_UNINITIALIZED_AUTOS = YES_AGGRESSIVE;
				GCC_WARN_UNUSED_FUNCTION = YES;
				GCC_WARN_UNUSED_VARIABLE = YES;
				IPHONEOS_DEPLOYMENT_TARGET = 8.0;
				MTL_ENABLE_DEBUG_INFO = YES;
				ONLY_ACTIVE_ARCH = YES;
				OTHER_LDFLAGS = "-ObjC";
				SDKROOT = iphoneos;
				TARGETED_DEVICE_FAMILY = "1,2";
			};
			name = Debug;
		};
		0F7EEF4A1D210F37008D175C /* Release */ = {
			isa = XCBuildConfiguration;
			buildSettings = {
				ALWAYS_SEARCH_USER_PATHS = NO;
				CLANG_ANALYZER_NONNULL = YES;
				CLANG_CXX_LANGUAGE_STANDARD = "gnu++0x";
				CLANG_CXX_LIBRARY = "libc++";
				CLANG_ENABLE_MODULES = YES;
				CLANG_ENABLE_OBJC_ARC = YES;
				CLANG_WARN_BOOL_CONVERSION = YES;
				CLANG_WARN_CONSTANT_CONVERSION = YES;
				CLANG_WARN_DIRECT_OBJC_ISA_USAGE = YES_ERROR;
				CLANG_WARN_EMPTY_BODY = YES;
				CLANG_WARN_ENUM_CONVERSION = YES;
				CLANG_WARN_INT_CONVERSION = YES;
				CLANG_WARN_OBJC_ROOT_CLASS = YES_ERROR;
				CLANG_WARN_UNREACHABLE_CODE = YES;
				CLANG_WARN__DUPLICATE_METHOD_MATCH = YES;
				"CODE_SIGN_IDENTITY[sdk=iphoneos*]" = "iPhone Developer";
				COPY_PHASE_STRIP = NO;
				DEBUG_INFORMATION_FORMAT = "dwarf-with-dsym";
				ENABLE_NS_ASSERTIONS = NO;
				ENABLE_STRICT_OBJC_MSGSEND = YES;
				GCC_C_LANGUAGE_STANDARD = gnu99;
				GCC_NO_COMMON_BLOCKS = YES;
				GCC_WARN_64_TO_32_BIT_CONVERSION = YES;
				GCC_WARN_ABOUT_RETURN_TYPE = YES_ERROR;
				GCC_WARN_UNDECLARED_SELECTOR = YES;
				GCC_WARN_UNINITIALIZED_AUTOS = YES_AGGRESSIVE;
				GCC_WARN_UNUSED_FUNCTION = YES;
				GCC_WARN_UNUSED_VARIABLE = YES;
				IPHONEOS_DEPLOYMENT_TARGET = 8.0;
				MTL_ENABLE_DEBUG_INFO = NO;
				OTHER_LDFLAGS = "-ObjC";
				SDKROOT = iphoneos;
				TARGETED_DEVICE_FAMILY = "1,2";
				VALIDATE_PRODUCT = YES;
			};
			name = Release;
		};
		0F7EEF831D210F64008D175C /* Debug */ = {
			isa = XCBuildConfiguration;
			baseConfigurationReference = ADB19FE6B001C4E07FD07613 /* Pods-PenguinGuide.debug.xcconfig */;
			buildSettings = {
				ASSETCATALOG_COMPILER_APPICON_NAME = AppIcon;
				ASSETCATALOG_COMPILER_LAUNCHIMAGE_NAME = LaunchImage;
				CODE_SIGN_IDENTITY = "iPhone Developer";
				"CODE_SIGN_IDENTITY[sdk=iphoneos*]" = "iPhone Developer";
				DEBUG_INFORMATION_FORMAT = "dwarf-with-dsym";
				ENABLE_BITCODE = NO;
				GCC_PREFIX_HEADER = "PenguinGuide/PenguinGuide-Prefix.pch";
				HEADER_SEARCH_PATHS = (
					"$(inherited)",
					"\"${PODS_ROOT}/Headers/Public\"",
					"\"${PODS_ROOT}/Headers/Public/AFNetworking\"",
					"\"${PODS_ROOT}/Headers/Public/CocoaLumberjack\"",
					"\"${PODS_ROOT}/Headers/Public/MOBFoundation\"",
					"\"${PODS_ROOT}/Headers/Public/Mantle\"",
					"\"${PODS_ROOT}/Headers/Public/PGAPIClient\"",
					"\"${PODS_ROOT}/Headers/Public/PGImageView\"",
					"\"${PODS_ROOT}/Headers/Public/PGLog\"",
					"\"${PODS_ROOT}/Headers/Public/PGRestKit\"",
					"\"${PODS_ROOT}/Headers/Public/PGRouter\"",
					"\"${PODS_ROOT}/Headers/Public/PGShare\"",
					"\"${PODS_ROOT}/Headers/Public/PGString\"",
					"\"${PODS_ROOT}/Headers/Public/PGTabBarController\"",
					"\"${PODS_ROOT}/Headers/Public/PGTheme\"",
					"\"${PODS_ROOT}/Headers/Public/PGView\"",
					"\"${PODS_ROOT}/Headers/Public/SDWebImage\"",
					"\"${PODS_ROOT}/Headers/Public/ShareSDK3\"",
				);
				INFOPLIST_FILE = PenguinGuide/Info.plist;
				IPHONEOS_DEPLOYMENT_TARGET = 8.0;
				LD_RUNPATH_SEARCH_PATHS = "$(inherited) @executable_path/Frameworks";
				ONLY_ACTIVE_ARCH = YES;
				PRODUCT_BUNDLE_IDENTIFIER = com.xinglian.penguinguide;
				PRODUCT_NAME = "$(TARGET_NAME)";
				PROVISIONING_PROFILE = "";
			};
			name = Debug;
		};
		0F7EEF841D210F64008D175C /* Release */ = {
			isa = XCBuildConfiguration;
			baseConfigurationReference = 949828526171CC081956A2A0 /* Pods-PenguinGuide.release.xcconfig */;
			buildSettings = {
				ASSETCATALOG_COMPILER_APPICON_NAME = AppIcon;
				ASSETCATALOG_COMPILER_LAUNCHIMAGE_NAME = LaunchImage;
				CODE_SIGN_IDENTITY = "iPhone Developer";
				"CODE_SIGN_IDENTITY[sdk=iphoneos*]" = "iPhone Developer";
				ENABLE_BITCODE = NO;
				GCC_PREFIX_HEADER = "PenguinGuide/PenguinGuide-Prefix.pch";
				HEADER_SEARCH_PATHS = (
					"$(inherited)",
					"\"${PODS_ROOT}/Headers/Public\"",
					"\"${PODS_ROOT}/Headers/Public/AFNetworking\"",
					"\"${PODS_ROOT}/Headers/Public/CocoaLumberjack\"",
					"\"${PODS_ROOT}/Headers/Public/MOBFoundation\"",
					"\"${PODS_ROOT}/Headers/Public/Mantle\"",
					"\"${PODS_ROOT}/Headers/Public/PGAPIClient\"",
					"\"${PODS_ROOT}/Headers/Public/PGImageView\"",
					"\"${PODS_ROOT}/Headers/Public/PGLog\"",
					"\"${PODS_ROOT}/Headers/Public/PGRestKit\"",
					"\"${PODS_ROOT}/Headers/Public/PGRouter\"",
					"\"${PODS_ROOT}/Headers/Public/PGShare\"",
					"\"${PODS_ROOT}/Headers/Public/PGString\"",
					"\"${PODS_ROOT}/Headers/Public/PGTabBarController\"",
					"\"${PODS_ROOT}/Headers/Public/PGTheme\"",
					"\"${PODS_ROOT}/Headers/Public/PGView\"",
					"\"${PODS_ROOT}/Headers/Public/SDWebImage\"",
					"\"${PODS_ROOT}/Headers/Public/ShareSDK3\"",
				);
				INFOPLIST_FILE = PenguinGuide/Info.plist;
				IPHONEOS_DEPLOYMENT_TARGET = 8.0;
				LD_RUNPATH_SEARCH_PATHS = "$(inherited) @executable_path/Frameworks";
				PRODUCT_BUNDLE_IDENTIFIER = com.xinglian.penguinguide;
				PRODUCT_NAME = "$(TARGET_NAME)";
				PROVISIONING_PROFILE = "";
			};
			name = Release;
		};
		0F7EEF861D210F64008D175C /* Debug */ = {
			isa = XCBuildConfiguration;
			buildSettings = {
				BUNDLE_LOADER = "$(TEST_HOST)";
				INFOPLIST_FILE = PenguinGuideTests/Info.plist;
				LD_RUNPATH_SEARCH_PATHS = "$(inherited) @executable_path/Frameworks @loader_path/Frameworks";
				PRODUCT_BUNDLE_IDENTIFIER = com.xinglian.PenguinGuideTests;
				PRODUCT_NAME = "$(TARGET_NAME)";
				TEST_HOST = "$(BUILT_PRODUCTS_DIR)/PenguinGuide.app/PenguinGuide";
			};
			name = Debug;
		};
		0F7EEF871D210F64008D175C /* Release */ = {
			isa = XCBuildConfiguration;
			buildSettings = {
				BUNDLE_LOADER = "$(TEST_HOST)";
				INFOPLIST_FILE = PenguinGuideTests/Info.plist;
				LD_RUNPATH_SEARCH_PATHS = "$(inherited) @executable_path/Frameworks @loader_path/Frameworks";
				PRODUCT_BUNDLE_IDENTIFIER = com.xinglian.PenguinGuideTests;
				PRODUCT_NAME = "$(TARGET_NAME)";
				TEST_HOST = "$(BUILT_PRODUCTS_DIR)/PenguinGuide.app/PenguinGuide";
			};
			name = Release;
		};
		0F7EEF891D210F64008D175C /* Debug */ = {
			isa = XCBuildConfiguration;
			buildSettings = {
				INFOPLIST_FILE = PenguinGuideUITests/Info.plist;
				LD_RUNPATH_SEARCH_PATHS = "$(inherited) @executable_path/Frameworks @loader_path/Frameworks";
				PRODUCT_BUNDLE_IDENTIFIER = com.xinglian.PenguinGuideUITests;
				PRODUCT_NAME = "$(TARGET_NAME)";
				TEST_TARGET_NAME = PenguinGuide;
			};
			name = Debug;
		};
		0F7EEF8A1D210F64008D175C /* Release */ = {
			isa = XCBuildConfiguration;
			buildSettings = {
				INFOPLIST_FILE = PenguinGuideUITests/Info.plist;
				LD_RUNPATH_SEARCH_PATHS = "$(inherited) @executable_path/Frameworks @loader_path/Frameworks";
				PRODUCT_BUNDLE_IDENTIFIER = com.xinglian.PenguinGuideUITests;
				PRODUCT_NAME = "$(TARGET_NAME)";
				TEST_TARGET_NAME = PenguinGuide;
			};
			name = Release;
		};
/* End XCBuildConfiguration section */

/* Begin XCConfigurationList section */
		0F7EEF191D210F37008D175C /* Build configuration list for PBXProject "Penguin" */ = {
			isa = XCConfigurationList;
			buildConfigurations = (
				0F7EEF491D210F37008D175C /* Debug */,
				0F7EEF4A1D210F37008D175C /* Release */,
			);
			defaultConfigurationIsVisible = 0;
			defaultConfigurationName = Release;
		};
		0F7EEF821D210F64008D175C /* Build configuration list for PBXNativeTarget "PenguinGuide" */ = {
			isa = XCConfigurationList;
			buildConfigurations = (
				0F7EEF831D210F64008D175C /* Debug */,
				0F7EEF841D210F64008D175C /* Release */,
			);
			defaultConfigurationIsVisible = 0;
			defaultConfigurationName = Release;
		};
		0F7EEF851D210F64008D175C /* Build configuration list for PBXNativeTarget "PenguinGuideTests" */ = {
			isa = XCConfigurationList;
			buildConfigurations = (
				0F7EEF861D210F64008D175C /* Debug */,
				0F7EEF871D210F64008D175C /* Release */,
			);
			defaultConfigurationIsVisible = 0;
			defaultConfigurationName = Release;
		};
		0F7EEF881D210F64008D175C /* Build configuration list for PBXNativeTarget "PenguinGuideUITests" */ = {
			isa = XCConfigurationList;
			buildConfigurations = (
				0F7EEF891D210F64008D175C /* Debug */,
				0F7EEF8A1D210F64008D175C /* Release */,
			);
			defaultConfigurationIsVisible = 0;
			defaultConfigurationName = Release;
		};
/* End XCConfigurationList section */
	};
	rootObject = 0F7EEF161D210F37008D175C /* Project object */;
}
